
Microsoft Visual Studio Solution File, Format Version 12.00
Project("{FAE04EC0-301F-11D3-BF4B-00C04F79EFBC}") = "Car3TierSystem_1stTier", "Car3TierSystem_1stTier\Car3TierSystem_1stTier.csproj", "{5ABA9A94-4F06-47EF-AE7B-E5E6DDDCCF5E}"
EndProject
Global
	GlobalSection(SolutionConfigurationPlatforms) = preSolution
		Debug|Any CPU = Debug|Any CPU
		Release|Any CPU = Release|Any CPU
	EndGlobalSection
	GlobalSection(ProjectConfigurationPlatforms) = postSolution
		{5ABA9A94-4F06-47EF-AE7B-E5E6DDDCCF5E}.Debug|Any CPU.ActiveCfg = Debug|Any CPU
		{5ABA9A94-4F06-47EF-AE7B-E5E6DDDCCF5E}.Debug|Any CPU.Build.0 = Debug|Any CPU
		{5ABA9A94-4F06-47EF-AE7B-E5E6DDDCCF5E}.Release|Any CPU.ActiveCfg = Release|Any CPU
		{5ABA9A94-4F06-47EF-AE7B-E5E6DDDCCF5E}.Release|Any CPU.Build.0 = Release|Any CPU
	EndGlobalSection
EndGlobal
